
Microsoft Visual Studio Solution File, Format Version 12.00
# Visual Studio Version 17
VisualStudioVersion = 17.5.002.0
MinimumVisualStudioVersion = 10.0.40219.1
Project("{9A19103F-16F7-4668-BE54-9A1E7A4F7556}") = "projectoef", "projectoef.csproj", "{AA3CF98F-F7E2-4690-8E59-E6C1C8A7ED81}"
EndProject
Global
	GlobalSection(SolutionConfigurationPlatforms) = preSolution
		Debug|Any CPU = Debug|Any CPU
		Release|Any CPU = Release|Any CPU
	EndGlobalSection
	GlobalSection(ProjectConfigurationPlatforms) = postSolution
		{AA3CF98F-F7E2-4690-8E59-E6C1C8A7ED81}.Debug|Any CPU.ActiveCfg = Debug|Any CPU
		{AA3CF98F-F7E2-4690-8E59-E6C1C8A7ED81}.Debug|Any CPU.Build.0 = Debug|Any CPU
		{AA3CF98F-F7E2-4690-8E59-E6C1C8A7ED81}.Release|Any CPU.ActiveCfg = Release|Any CPU
		{AA3CF98F-F7E2-4690-8E59-E6C1C8A7ED81}.Release|Any CPU.Build.0 = Release|Any CPU
	EndGlobalSection
	GlobalSection(SolutionProperties) = preSolution
		HideSolutionNode = FALSE
	EndGlobalSection
	GlobalSection(ExtensibilityGlobals) = postSolution
		SolutionGuid = {717B50D1-BCCD-4578-BF25-35FA94C99C93}
	EndGlobalSection
EndGlobal
